
Microsoft Visual Studio Solution File, Format Version 12.00
# Visual Studio Version 17
VisualStudioVersion = 17.0.31903.59
MinimumVisualStudioVersion = 10.0.40219.1
Project("{2150E333-8FDC-42A3-9474-1A3956D46DE8}") = "src", "src", "{827E0CD3-B72D-47B6-A68D-7590B98EB39B}"
EndProject
Project("{FAE04EC0-301F-11D3-BF4B-00C04F79EFBC}") = "PlumePdf", "src\PlumePdf\PlumePdf.csproj", "{E0CF25DE-8200-46BF-BE6C-478F89E3D627}"
EndProject
Project("{2150E333-8FDC-42A3-9474-1A3956D46DE8}") = "tests", "tests", "{0AB3BF05-4346-4AA6-1389-037BE0695223}"
EndProject
Project("{FAE04EC0-301F-11D3-BF4B-00C04F79EFBC}") = "PlumePdf.Tests", "tests\PlumePdf.Tests\PlumePdf.Tests.csproj", "{511A6598-4BA3-4016-AD73-C9074A320B7D}"
EndProject
Project("{FAE04EC0-301F-11D3-BF4B-00C04F79EFBC}") = "PlumePdf.ArchitectureTests", "tests\PlumePdf.ArchitectureTests\PlumePdf.ArchitectureTests.csproj", "{52ACEE52-4E42-4A2A-9F6C-1E82B53E7C61}"
EndProject
Project("{FAE04EC0-301F-11D3-BF4B-00C04F79EFBC}") = "PlumePdf.CorpusTests", "tests\PlumePdf.CorpusTests\PlumePdf.CorpusTests.csproj", "{090894EE-F054-49D4-BF42-49CEC4BE08AA}"
EndProject
Project("{FAE04EC0-301F-11D3-BF4B-00C04F79EFBC}") = "PlumePdf.CookbookTests", "tests\PlumePdf.CookbookTests\PlumePdf.CookbookTests.csproj", "{46DA9CB2-A604-435E-8826-771E22D9FF37}"
EndProject
Project("{2150E333-8FDC-42A3-9474-1A3956D46DE8}") = "analyzers", "analyzers", "{9584EBF3-3242-498B-8158-A5527F6CEFA0}"
EndProject
Project("{FAE04EC0-301F-11D3-BF4B-00C04F79EFBC}") = "PlumePdf.Analyzers", "analyzers\PlumePdf.Analyzers\PlumePdf.Analyzers.csproj", "{4A2B5B22-EB7B-47CC-BE81-E27EF0D34522}"
EndProject
Project("{FAE04EC0-301F-11D3-BF4B-00C04F79EFBC}") = "PlumePdf.Analyzers.Tests", "analyzers\PlumePdf.Analyzers.Tests\PlumePdf.Analyzers.Tests.csproj", "{ABA3111B-9E2B-41B8-8C67-547E7999A791}"
EndProject
Global
	GlobalSection(SolutionConfigurationPlatforms) = preSolution
		Debug|Any CPU = Debug|Any CPU
		Debug|x64 = Debug|x64
		Debug|x86 = Debug|x86
		Release|Any CPU = Release|Any CPU
		Release|x64 = Release|x64
		Release|x86 = Release|x86
	EndGlobalSection
	GlobalSection(ProjectConfigurationPlatforms) = postSolution
		{E0CF25DE-8200-46BF-BE6C-478F89E3D627}.Debug|Any CPU.ActiveCfg = Debug|Any CPU
		{E0CF25DE-8200-46BF-BE6C-478F89E3D627}.Debug|Any CPU.Build.0 = Debug|Any CPU
		{E0CF25DE-8200-46BF-BE6C-478F89E3D627}.Debug|x64.ActiveCfg = Debug|Any CPU
		{E0CF25DE-8200-46BF-BE6C-478F89E3D627}.Debug|x64.Build.0 = Debug|Any CPU
		{E0CF25DE-8200-46BF-BE6C-478F89E3D627}.Debug|x86.ActiveCfg = Debug|Any CPU
		{E0CF25DE-8200-46BF-BE6C-478F89E3D627}.Debug|x86.Build.0 = Debug|Any CPU
		{E0CF25DE-8200-46BF-BE6C-478F89E3D627}.Release|Any CPU.ActiveCfg = Release|Any CPU
		{E0CF25DE-8200-46BF-BE6C-478F89E3D627}.Release|Any CPU.Build.0 = Release|Any CPU
		{E0CF25DE-8200-46BF-BE6C-478F89E3D627}.Release|x64.ActiveCfg = Release|Any CPU
		{E0CF25DE-8200-46BF-BE6C-478F89E3D627}.Release|x64.Build.0 = Release|Any CPU
		{E0CF25DE-8200-46BF-BE6C-478F89E3D627}.Release|x86.ActiveCfg = Release|Any CPU
		{E0CF25DE-8200-46BF-BE6C-478F89E3D627}.Release|x86.Build.0 = Release|Any CPU
		{511A6598-4BA3-4016-AD73-C9074A320B7D}.Debug|Any CPU.ActiveCfg = Debug|Any CPU
		{511A6598-4BA3-4016-AD73-C9074A320B7D}.Debug|Any CPU.Build.0 = Debug|Any CPU
		{511A6598-4BA3-4016-AD73-C9074A320B7D}.Debug|x64.ActiveCfg = Debug|Any CPU
		{511A6598-4BA3-4016-AD73-C9074A320B7D}.Debug|x64.Build.0 = Debug|Any CPU
		{511A6598-4BA3-4016-AD73-C9074A320B7D}.Debug|x86.ActiveCfg = Debug|Any CPU
		{511A6598-4BA3-4016-AD73-C9074A320B7D}.Debug|x86.Build.0 = Debug|Any CPU
		{511A6598-4BA3-4016-AD73-C9074A320B7D}.Release|Any CPU.ActiveCfg = Release|Any CPU
		{511A6598-4BA3-4016-AD73-C9074A320B7D}.Release|Any CPU.Build.0 = Release|Any CPU
		{511A6598-4BA3-4016-AD73-C9074A320B7D}.Release|x64.ActiveCfg = Release|Any CPU
		{511A6598-4BA3-4016-AD73-C9074A320B7D}.Release|x64.Build.0 = Release|Any CPU
		{511A6598-4BA3-4016-AD73-C9074A320B7D}.Release|x86.ActiveCfg = Release|Any CPU
		{511A6598-4BA3-4016-AD73-C9074A320B7D}.Release|x86.Build.0 = Release|Any CPU
		{52ACEE52-4E42-4A2A-9F6C-1E82B53E7C61}.Debug|Any CPU.ActiveCfg = Debug|Any CPU
		{52ACEE52-4E42-4A2A-9F6C-1E82B53E7C61}.Debug|Any CPU.Build.0 = Debug|Any CPU
		{52ACEE52-4E42-4A2A-9F6C-1E82B53E7C61}.Debug|x64.ActiveCfg = Debug|Any CPU
		{52ACEE52-4E42-4A2A-9F6C-1E82B53E7C61}.Debug|x64.Build.0 = Debug|Any CPU
		{52ACEE52-4E42-4A2A-9F6C-1E82B53E7C61}.Debug|x86.ActiveCfg = Debug|Any CPU
		{52ACEE52-4E42-4A2A-9F6C-1E82B53E7C61}.Debug|x86.Build.0 = Debug|Any CPU
		{52ACEE52-4E42-4A2A-9F6C-1E82B53E7C61}.Release|Any CPU.ActiveCfg = Release|Any CPU
		{52ACEE52-4E42-4A2A-9F6C-1E82B53E7C61}.Release|Any CPU.Build.0 = Release|Any CPU
		{52ACEE52-4E42-4A2A-9F6C-1E82B53E7C61}.Release|x64.ActiveCfg = Release|Any CPU
		{52ACEE52-4E42-4A2A-9F6C-1E82B53E7C61}.Release|x64.Build.0 = Release|Any CPU
		{52ACEE52-4E42-4A2A-9F6C-1E82B53E7C61}.Release|x86.ActiveCfg = Release|Any CPU
		{52ACEE52-4E42-4A2A-9F6C-1E82B53E7C61}.Release|x86.Build.0 = Release|Any CPU
		{090894EE-F054-49D4-BF42-49CEC4BE08AA}.Debug|Any CPU.ActiveCfg = Debug|Any CPU
		{090894EE-F054-49D4-BF42-49CEC4BE08AA}.Debug|Any CPU.Build.0 = Debug|Any CPU
		{090894EE-F054-49D4-BF42-49CEC4BE08AA}.Debug|x64.ActiveCfg = Debug|Any CPU
		{090894EE-F054-49D4-BF42-49CEC4BE08AA}.Debug|x64.Build.0 = Debug|Any CPU
		{090894EE-F054-49D4-BF42-49CEC4BE08AA}.Debug|x86.ActiveCfg = Debug|Any CPU
		{090894EE-F054-49D4-BF42-49CEC4BE08AA}.Debug|x86.Build.0 = Debug|Any CPU
		{090894EE-F054-49D4-BF42-49CEC4BE08AA}.Release|Any CPU.ActiveCfg = Release|Any CPU
		{090894EE-F054-49D4-BF42-49CEC4BE08AA}.Release|Any CPU.Build.0 = Release|Any CPU
		{090894EE-F054-49D4-BF42-49CEC4BE08AA}.Release|x64.ActiveCfg = Release|Any CPU
		{090894EE-F054-49D4-BF42-49CEC4BE08AA}.Release|x64.Build.0 = Release|Any CPU
		{090894EE-F054-49D4-BF42-49CEC4BE08AA}.Release|x86.ActiveCfg = Release|Any CPU
		{090894EE-F054-49D4-BF42-49CEC4BE08AA}.Release|x86.Build.0 = Release|Any CPU
		{46DA9CB2-A604-435E-8826-771E22D9FF37}.Debug|Any CPU.ActiveCfg = Debug|Any CPU
		{46DA9CB2-A604-435E-8826-771E22D9FF37}.Debug|Any CPU.Build.0 = Debug|Any CPU
		{46DA9CB2-A604-435E-8826-771E22D9FF37}.Debug|x64.ActiveCfg = Debug|Any CPU
		{46DA9CB2-A604-435E-8826-771E22D9FF37}.Debug|x64.Build.0 = Debug|Any CPU
		{46DA9CB2-A604-435E-8826-771E22D9FF37}.Debug|x86.ActiveCfg = Debug|Any CPU
		{46DA9CB2-A604-435E-8826-771E22D9FF37}.Debug|x86.Build.0 = Debug|Any CPU
		{46DA9CB2-A604-435E-8826-771E22D9FF37}.Release|Any CPU.ActiveCfg = Release|Any CPU
		{46DA9CB2-A604-435E-8826-771E22D9FF37}.Release|Any CPU.Build.0 = Release|Any CPU
		{46DA9CB2-A604-435E-8826-771E22D9FF37}.Release|x64.ActiveCfg = Release|Any CPU
		{46DA9CB2-A604-435E-8826-771E22D9FF37}.Release|x64.Build.0 = Release|Any CPU
		{46DA9CB2-A604-435E-8826-771E22D9FF37}.Release|x86.ActiveCfg = Release|Any CPU
		{46DA9CB2-A604-435E-8826-771E22D9FF37}.Release|x86.Build.0 = Release|Any CPU
		{4A2B5B22-EB7B-47CC-BE81-E27EF0D34522}.Debug|Any CPU.ActiveCfg = Debug|Any CPU
		{4A2B5B22-EB7B-47CC-BE81-E27EF0D34522}.Debug|Any CPU.Build.0 = Debug|Any CPU
		{4A2B5B22-EB7B-47CC-BE81-E27EF0D34522}.Debug|x64.ActiveCfg = Debug|Any CPU
		{4A2B5B22-EB7B-47CC-BE81-E27EF0D34522}.Debug|x64.Build.0 = Debug|Any CPU
		{4A2B5B22-EB7B-47CC-BE81-E27EF0D34522}.Debug|x86.ActiveCfg = Debug|Any CPU
		{4A2B5B22-EB7B-47CC-BE81-E27EF0D34522}.Debug|x86.Build.0 = Debug|Any CPU
		{4A2B5B22-EB7B-47CC-BE81-E27EF0D34522}.Release|Any CPU.ActiveCfg = Release|Any CPU
		{4A2B5B22-EB7B-47CC-BE81-E27EF0D34522}.Release|Any CPU.Build.0 = Release|Any CPU
		{4A2B5B22-EB7B-47CC-BE81-E27EF0D34522}.Release|x64.ActiveCfg = Release|Any CPU
		{4A2B5B22-EB7B-47CC-BE81-E27EF0D34522}.Release|x64.Build.0 = Release|Any CPU
		{4A2B5B22-EB7B-47CC-BE81-E27EF0D34522}.Release|x86.ActiveCfg = Release|Any CPU
		{4A2B5B22-EB7B-47CC-BE81-E27EF0D34522}.Release|x86.Build.0 = Release|Any CPU
		{ABA3111B-9E2B-41B8-8C67-547E7999A791}.Debug|Any CPU.ActiveCfg = Debug|Any CPU
		{ABA3111B-9E2B-41B8-8C67-547E7999A791}.Debug|Any CPU.Build.0 = Debug|Any CPU
		{ABA3111B-9E2B-41B8-8C67-547E7999A791}.Debug|x64.ActiveCfg = Debug|Any CPU
		{ABA3111B-9E2B-41B8-8C67-547E7999A791}.Debug|x64.Build.0 = Debug|Any CPU
		{ABA3111B-9E2B-41B8-8C67-547E7999A791}.Debug|x86.ActiveCfg = Debug|Any CPU
		{ABA3111B-9E2B-41B8-8C67-547E7999A791}.Debug|x86.Build.0 = Debug|Any CPU
		{ABA3111B-9E2B-41B8-8C67-547E7999A791}.Release|Any CPU.ActiveCfg = Release|Any CPU
		{ABA3111B-9E2B-41B8-8C67-547E7999A791}.Release|Any CPU.Build.0 = Release|Any CPU
		{ABA3111B-9E2B-41B8-8C67-547E7999A791}.Release|x64.ActiveCfg = Release|Any CPU
		{ABA3111B-9E2B-41B8-8C67-547E7999A791}.Release|x64.Build.0 = Release|Any CPU
		{ABA3111B-9E2B-41B8-8C67-547E7999A791}.Release|x86.ActiveCfg = Release|Any CPU
		{ABA3111B-9E2B-41B8-8C67-547E7999A791}.Release|x86.Build.0 = Release|Any CPU
	EndGlobalSection
	GlobalSection(SolutionProperties) = preSolution
		HideSolutionNode = FALSE
	EndGlobalSection
	GlobalSection(NestedProjects) = preSolution
		{E0CF25DE-8200-46BF-BE6C-478F89E3D627} = {827E0CD3-B72D-47B6-A68D-7590B98EB39B}
		{511A6598-4BA3-4016-AD73-C9074A320B7D} = {0AB3BF05-4346-4AA6-1389-037BE0695223}
		{52ACEE52-4E42-4A2A-9F6C-1E82B53E7C61} = {0AB3BF05-4346-4AA6-1389-037BE0695223}
		{090894EE-F054-49D4-BF42-49CEC4BE08AA} = {0AB3BF05-4346-4AA6-1389-037BE0695223}
		{46DA9CB2-A604-435E-8826-771E22D9FF37} = {0AB3BF05-4346-4AA6-1389-037BE0695223}
		{4A2B5B22-EB7B-47CC-BE81-E27EF0D34522} = {9584EBF3-3242-498B-8158-A5527F6CEFA0}
		{ABA3111B-9E2B-41B8-8C67-547E7999A791} = {9584EBF3-3242-498B-8158-A5527F6CEFA0}
	EndGlobalSection
EndGlobal
